
Microsoft Visual Studio Solution File, Format Version 12.00
# Visual Studio 15
VisualStudioVersion = 15.0.26228.9
MinimumVisualStudioVersion = 10.0.40219.1
Project("{FAE04EC0-301F-11D3-BF4B-00C04F79EFBC}") = "my diy IK Fabrik Test", "my diy IK Fabrik Test\my diy IK Fabrik Test.csproj", "{5418DF68-BCE7-4AFF-9389-5A8AEE6D39C2}"
EndProject
Global
	GlobalSection(SolutionConfigurationPlatforms) = preSolution
		Debug|Any CPU = Debug|Any CPU
		Release|Any CPU = Release|Any CPU
	EndGlobalSection
	GlobalSection(ProjectConfigurationPlatforms) = postSolution
		{5418DF68-BCE7-4AFF-9389-5A8AEE6D39C2}.Debug|Any CPU.ActiveCfg = Debug|Any CPU
		{5418DF68-BCE7-4AFF-9389-5A8AEE6D39C2}.Debug|Any CPU.Build.0 = Debug|Any CPU
		{5418DF68-BCE7-4AFF-9389-5A8AEE6D39C2}.Release|Any CPU.ActiveCfg = Release|Any CPU
		{5418DF68-BCE7-4AFF-9389-5A8AEE6D39C2}.Release|Any CPU.Build.0 = Release|Any CPU
	EndGlobalSection
	GlobalSection(SolutionProperties) = preSolution
		HideSolutionNode = FALSE
	EndGlobalSection
EndGlobal
